
Microsoft Visual Studio Solution File, Format Version 12.00
# Visual Studio 15
VisualStudioVersion = 15.0.27130.2010
MinimumVisualStudioVersion = 10.0.40219.1
Project("{FAE04EC0-301F-11D3-BF4B-00C04F79EFBC}") = "WPF Demo", "WPF Demo\WPF Demo.csproj", "{D43CE9E9-2AAE-4AD4-BA5E-1091FBD41582}"
EndProject
Global
	GlobalSection(SolutionConfigurationPlatforms) = preSolution
		Debug|Any CPU = Debug|Any CPU
		Release|Any CPU = Release|Any CPU
	EndGlobalSection
	GlobalSection(ProjectConfigurationPlatforms) = postSolution
		{D43CE9E9-2AAE-4AD4-BA5E-1091FBD41582}.Debug|Any CPU.ActiveCfg = Debug|Any CPU
		{D43CE9E9-2AAE-4AD4-BA5E-1091FBD41582}.Debug|Any CPU.Build.0 = Debug|Any CPU
		{D43CE9E9-2AAE-4AD4-BA5E-1091FBD41582}.Release|Any CPU.ActiveCfg = Release|Any CPU
		{D43CE9E9-2AAE-4AD4-BA5E-1091FBD41582}.Release|Any CPU.Build.0 = Release|Any CPU
	EndGlobalSection
	GlobalSection(SolutionProperties) = preSolution
		HideSolutionNode = FALSE
	EndGlobalSection
	GlobalSection(ExtensibilityGlobals) = postSolution
		SolutionGuid = {E7F4D0FD-18A4-4042-A74B-A4C65D54234F}
	EndGlobalSection
EndGlobal
